
Microsoft Visual Studio Solution File, Format Version 12.00
# Visual Studio Version 17
VisualStudioVersion = 17.0.32112.339
MinimumVisualStudioVersion = 10.0.40219.1
Project("{9A19103F-16F7-4668-BE54-9A1E7A4F7556}") = "DotnetBlazorPoker.App", "DotnetBlazorPoker.App\DotnetBlazorPoker.App.csproj", "{6EB07EFE-A2E0-4494-8F34-D789C2DAE552}"
EndProject
Project("{9A19103F-16F7-4668-BE54-9A1E7A4F7556}") = "DotnetBlazorPoker.Models", "DotnetBlazorPoker.Models\DotnetBlazorPoker.Models.csproj", "{ADF1F029-2893-455A-B681-CFCAB7F82903}"
EndProject
Project("{FAE04EC0-301F-11D3-BF4B-00C04F79EFBC}") = "DotnetBlazorPoker.Models.UnitTests", "DotnetBlazorPoker.Models.UnitTests\DotnetBlazorPoker.Models.UnitTests.csproj", "{38F6D998-0C18-470D-8562-4DE5876347EE}"
EndProject
Global
	GlobalSection(SolutionConfigurationPlatforms) = preSolution
		Debug|Any CPU = Debug|Any CPU
		Release|Any CPU = Release|Any CPU
	EndGlobalSection
	GlobalSection(ProjectConfigurationPlatforms) = postSolution
		{6EB07EFE-A2E0-4494-8F34-D789C2DAE552}.Debug|Any CPU.ActiveCfg = Debug|Any CPU
		{6EB07EFE-A2E0-4494-8F34-D789C2DAE552}.Debug|Any CPU.Build.0 = Debug|Any CPU
		{6EB07EFE-A2E0-4494-8F34-D789C2DAE552}.Release|Any CPU.ActiveCfg = Release|Any CPU
		{6EB07EFE-A2E0-4494-8F34-D789C2DAE552}.Release|Any CPU.Build.0 = Release|Any CPU
		{ADF1F029-2893-455A-B681-CFCAB7F82903}.Debug|Any CPU.ActiveCfg = Debug|Any CPU
		{ADF1F029-2893-455A-B681-CFCAB7F82903}.Debug|Any CPU.Build.0 = Debug|Any CPU
		{ADF1F029-2893-455A-B681-CFCAB7F82903}.Release|Any CPU.ActiveCfg = Release|Any CPU
		{ADF1F029-2893-455A-B681-CFCAB7F82903}.Release|Any CPU.Build.0 = Release|Any CPU
		{38F6D998-0C18-470D-8562-4DE5876347EE}.Debug|Any CPU.ActiveCfg = Debug|Any CPU
		{38F6D998-0C18-470D-8562-4DE5876347EE}.Debug|Any CPU.Build.0 = Debug|Any CPU
		{38F6D998-0C18-470D-8562-4DE5876347EE}.Release|Any CPU.ActiveCfg = Release|Any CPU
		{38F6D998-0C18-470D-8562-4DE5876347EE}.Release|Any CPU.Build.0 = Release|Any CPU
	EndGlobalSection
	GlobalSection(SolutionProperties) = preSolution
		HideSolutionNode = FALSE
	EndGlobalSection
	GlobalSection(ExtensibilityGlobals) = postSolution
		SolutionGuid = {ED4B2132-B70C-4B8F-AB19-F62C42CCAE71}
	EndGlobalSection
EndGlobal
